
Microsoft Visual Studio Solution File, Format Version 12.00
# Visual Studio Version 17
VisualStudioVersion = 17.3.32929.385
MinimumVisualStudioVersion = 10.0.40219.1
Project("{FAE04EC0-301F-11D3-BF4B-00C04F79EFBC}") = "WindowsFormsAppAP", "WindowsFormsAppAP.csproj", "{71FC523A-7D3B-412B-A12A-FAF8BAC6B490}"
EndProject
Global
	GlobalSection(SolutionConfigurationPlatforms) = preSolution
		Debug|Any CPU = Debug|Any CPU
		Release|Any CPU = Release|Any CPU
	EndGlobalSection
	GlobalSection(ProjectConfigurationPlatforms) = postSolution
		{71FC523A-7D3B-412B-A12A-FAF8BAC6B490}.Debug|Any CPU.ActiveCfg = Debug|Any CPU
		{71FC523A-7D3B-412B-A12A-FAF8BAC6B490}.Debug|Any CPU.Build.0 = Debug|Any CPU
		{71FC523A-7D3B-412B-A12A-FAF8BAC6B490}.Release|Any CPU.ActiveCfg = Release|Any CPU
		{71FC523A-7D3B-412B-A12A-FAF8BAC6B490}.Release|Any CPU.Build.0 = Release|Any CPU
	EndGlobalSection
	GlobalSection(SolutionProperties) = preSolution
		HideSolutionNode = FALSE
	EndGlobalSection
	GlobalSection(ExtensibilityGlobals) = postSolution
		SolutionGuid = {3807D958-CE19-491D-BEF8-4EB6FDDA02F0}
	EndGlobalSection
EndGlobal
